{
  "requires": true,
  "lockfileVersion": 1,
  "dependencies": {
    "gitbook-plugin-highlight": {
      "version": "2.0.3",
      "resolved": "https://registry.npm.taobao.org/gitbook-plugin-highlight/download/gitbook-plugin-highlight-2.0.3.tgz",
      "integrity": "sha1-ia9mqUwWj16t3j52dKgpW3fbWYc=",
      "requires": {
        "highlight.js": "9.8.0"
      }
    },
    "gitbook-plugin-toggle-chapters": {
      "version": "0.0.3",
      "resolved": "https://registry.npmjs.org/gitbook-plugin-toggle-chapters/-/gitbook-plugin-toggle-chapters-0.0.3.tgz",
      "integrity": "sha1-bl9aphubLiIcOAzfbpKDIAFez7k="
    },
    "highlight.js": {
      "version": "9.8.0",
      "resolved": "https://registry.npm.taobao.org/highlight.js/download/highlight.js-9.8.0.tgz?cache=0&sync_timestamp=1589246104484&other_urls=https%3A%2F%2Fregistry.npm.taobao.org%2Fhighlight.js%2Fdownload%2Fhighlight.js-9.8.0.tgz",
      "integrity": "sha1-OO7vQM1F6t2+yMnlI4+3p4OjtoU="
    }
  }
}
